{
    "hash": "68bac12b933816850afda0941aaf0c5d",
    "packages": [
        {
            "name": "nikic/php-parser",
            "version": "v0.9.3",
            "source": {
                "type": "git",
                "url": "https://github.com/nikic/PHP-Parser",
                "reference": "v0.9.3"
            },
            "dist": {
                "type": "zip",
                "url": "https://github.com/nikic/PHP-Parser/archive/v0.9.3.zip",
                "reference": "v0.9.3",
                "shasum": ""
            },
            "require": {
                "php": ">=5.2"
            },
            "time": "2012-11-22 18:54:05",
            "type": "library",
            "installation-source": "dist",
            "autoload": {
                "psr-0": {
                    "PHPParser": "lib/"
                }
            },
            "notification-url": "https://packagist.org/downloads/",
            "license": [
                "BSD-3-Clause"
            ],
            "authors": [
                {
                    "name": "Nikita Popov"
                }
            ],
            "description": "A PHP parser written in PHP",
            "keywords": [
                "php",
                "parser"
            ]
        }
    ],
    "packages-dev": null,
    "aliases": [

    ],
    "minimum-stability": "stable",
    "stability-flags": [

    ]
}
